// !$*UTF8*$!
{
	archiveVersion = 1;
	classes = {
	};
	objectVersion = 55;
	objects = {

/* Begin PBXBuildFile section */
		593A952E29095B9200123E06 /* AppDelegate.swift in Sources */ = {isa = PBXBuildFile; fileRef = 593A952D29095B9200123E06 /* AppDelegate.swift */; };
		593A953029095B9200123E06 /* SceneDelegate.swift in Sources */ = {isa = PBXBuildFile; fileRef = 593A952F29095B9200123E06 /* SceneDelegate.swift */; };
		593A953729095B9400123E06 /* Assets.xcassets in Resources */ = {isa = PBXBuildFile; fileRef = 593A953629095B9400123E06 /* Assets.xcassets */; };
		593A953A29095B9400123E06 /* LaunchScreen.storyboard in Resources */ = {isa = PBXBuildFile; fileRef = 593A953829095B9400123E06 /* LaunchScreen.storyboard */; };
		593A955529095E8C00123E06 /* MainViewController.swift in Sources */ = {isa = PBXBuildFile; fileRef = 593A955429095E8C00123E06 /* MainViewController.swift */; };
		593A955729095EC100123E06 /* MainPresenter.swift in Sources */ = {isa = PBXBuildFile; fileRef = 593A955629095EC100123E06 /* MainPresenter.swift */; };
		593A955929095EE800123E06 /* AssemblyBuilder.swift in Sources */ = {isa = PBXBuildFile; fileRef = 593A955829095EE800123E06 /* AssemblyBuilder.swift */; };
		593A955B29095F0700123E06 /* Router.swift in Sources */ = {isa = PBXBuildFile; fileRef = 593A955A29095F0700123E06 /* Router.swift */; };
		593A955D29095FF400123E06 /* Employees.swift in Sources */ = {isa = PBXBuildFile; fileRef = 593A955C29095FF400123E06 /* Employees.swift */; };
		593A95602909612F00123E06 /* NetworkMonitor.swift in Sources */ = {isa = PBXBuildFile; fileRef = 593A955F2909612F00123E06 /* NetworkMonitor.swift */; };
		593A95622909657700123E06 /* MainTableViewCell.swift in Sources */ = {isa = PBXBuildFile; fileRef = 593A95612909657700123E06 /* MainTableViewCell.swift */; };
		59DD69FB29096D6300D34180 /* NetworkService.swift in Sources */ = {isa = PBXBuildFile; fileRef = 59DD69FA29096D6300D34180 /* NetworkService.swift */; };
		59DD69FD2909721600D34180 /* NetworkErrors.swift in Sources */ = {isa = PBXBuildFile; fileRef = 59DD69FC2909721600D34180 /* NetworkErrors.swift */; };
		59DD6A01290AA9A500D34180 /* MainViewProtocol.swift in Sources */ = {isa = PBXBuildFile; fileRef = 59DD6A00290AA9A500D34180 /* MainViewProtocol.swift */; };
		59DD6A03290AAA1F00D34180 /* MainPresenterProtocol.swift in Sources */ = {isa = PBXBuildFile; fileRef = 59DD6A02290AAA1F00D34180 /* MainPresenterProtocol.swift */; };
/* End PBXBuildFile section */

/* Begin PBXFileReference section */
		593A952A29095B9200123E06 /* AvitoTechTestTask.app */ = {isa = PBXFileReference; explicitFileType = wrapper.application; includeInIndex = 0; path = AvitoTechTestTask.app; sourceTree = BUILT_PRODUCTS_DIR; };
		593A952D29095B9200123E06 /* AppDelegate.swift */ = {isa = PBXFileReference; lastKnownFileType = sourcecode.swift; path = AppDelegate.swift; sourceTree = "<group>"; };
		593A952F29095B9200123E06 /* SceneDelegate.swift */ = {isa = PBXFileReference; lastKnownFileType = sourcecode.swift; path = SceneDelegate.swift; sourceTree = "<group>"; };
		593A953629095B9400123E06 /* Assets.xcassets */ = {isa = PBXFileReference; lastKnownFileType = folder.assetcatalog; path = Assets.xcassets; sourceTree = "<group>"; };
		593A953929095B9400123E06 /* Base */ = {isa = PBXFileReference; lastKnownFileType = file.storyboard; name = Base; path = Base.lproj/LaunchScreen.storyboard; sourceTree = "<group>"; };
		593A953B29095B9400123E06 /* Info.plist */ = {isa = PBXFileReference; lastKnownFileType = text.plist.xml; path = Info.plist; sourceTree = "<group>"; };
		593A955429095E8C00123E06 /* MainViewController.swift */ = {isa = PBXFileReference; lastKnownFileType = sourcecode.swift; path = MainViewController.swift; sourceTree = "<group>"; };
		593A955629095EC100123E06 /* MainPresenter.swift */ = {isa = PBXFileReference; lastKnownFileType = sourcecode.swift; path = MainPresenter.swift; sourceTree = "<group>"; };
		593A955829095EE800123E06 /* AssemblyBuilder.swift */ = {isa = PBXFileReference; lastKnownFileType = sourcecode.swift; path = AssemblyBuilder.swift; sourceTree = "<group>"; };
		593A955A29095F0700123E06 /* Router.swift */ = {isa = PBXFileReference; lastKnownFileType = sourcecode.swift; path = Router.swift; sourceTree = "<group>"; };
		593A955C29095FF400123E06 /* Employees.swift */ = {isa = PBXFileReference; lastKnownFileType = sourcecode.swift; path = Employees.swift; sourceTree = "<group>"; };
		593A955F2909612F00123E06 /* NetworkMonitor.swift */ = {isa = PBXFileReference; lastKnownFileType = sourcecode.swift; path = NetworkMonitor.swift; sourceTree = "<group>"; };
		593A95612909657700123E06 /* MainTableViewCell.swift */ = {isa = PBXFileReference; lastKnownFileType = sourcecode.swift; path = MainTableViewCell.swift; sourceTree = "<group>"; };
		59DD69FA29096D6300D34180 /* NetworkService.swift */ = {isa = PBXFileReference; lastKnownFileType = sourcecode.swift; path = NetworkService.swift; sourceTree = "<group>"; };
		59DD69FC2909721600D34180 /* NetworkErrors.swift */ = {isa = PBXFileReference; lastKnownFileType = sourcecode.swift; path = NetworkErrors.swift; sourceTree = "<group>"; };
		59DD6A00290AA9A500D34180 /* MainViewProtocol.swift */ = {isa = PBXFileReference; lastKnownFileType = sourcecode.swift; path = MainViewProtocol.swift; sourceTree = "<group>"; };
		59DD6A02290AAA1F00D34180 /* MainPresenterProtocol.swift */ = {isa = PBXFileReference; lastKnownFileType = sourcecode.swift; path = MainPresenterProtocol.swift; sourceTree = "<group>"; };
/* End PBXFileReference section */

/* Begin PBXFrameworksBuildPhase section */
		593A952729095B9200123E06 /* Frameworks */ = {
			isa = PBXFrameworksBuildPhase;
			buildActionMask = 2147483647;
			files = (
			);
			runOnlyForDeploymentPostprocessing = 0;
		};
/* End PBXFrameworksBuildPhase section */

/* Begin PBXGroup section */
		593A952129095B9200123E06 = {
			isa = PBXGroup;
			children = (
				593A952C29095B9200123E06 /* AvitoTechTestTask */,
				593A952B29095B9200123E06 /* Products */,
			);
			sourceTree = "<group>";
		};
		593A952B29095B9200123E06 /* Products */ = {
			isa = PBXGroup;
			children = (
				593A952A29095B9200123E06 /* AvitoTechTestTask.app */,
			);
			name = Products;
			sourceTree = "<group>";
		};
		593A952C29095B9200123E06 /* AvitoTechTestTask */ = {
			isa = PBXGroup;
			children = (
				593A954229095C4600123E06 /* Application */,
				593A954129095C3500123E06 /* Resources */,
				593A954729095D8C00123E06 /* MainModule */,
				593A954F29095E0700123E06 /* Navigation */,
				593A955E2909610800123E06 /* Services */,
			);
			path = AvitoTechTestTask;
			sourceTree = "<group>";
		};
		593A954129095C3500123E06 /* Resources */ = {
			isa = PBXGroup;
			children = (
				593A953629095B9400123E06 /* Assets.xcassets */,
				593A953829095B9400123E06 /* LaunchScreen.storyboard */,
				593A953B29095B9400123E06 /* Info.plist */,
			);
			path = Resources;
			sourceTree = "<group>";
		};
		593A954229095C4600123E06 /* Application */ = {
			isa = PBXGroup;
			children = (
				593A952D29095B9200123E06 /* AppDelegate.swift */,
				593A952F29095B9200123E06 /* SceneDelegate.swift */,
			);
			path = Application;
			sourceTree = "<group>";
		};
		593A954729095D8C00123E06 /* MainModule */ = {
			isa = PBXGroup;
			children = (
				593A954829095DAB00123E06 /* Models */,
				593A954A29095DC600123E06 /* Views */,
				593A954929095DB500123E06 /* Presenters */,
			);
			path = MainModule;
			sourceTree = "<group>";
		};
		593A954829095DAB00123E06 /* Models */ = {
			isa = PBXGroup;
			children = (
				593A955C29095FF400123E06 /* Employees.swift */,
			);
			path = Models;
			sourceTree = "<group>";
		};
		593A954929095DB500123E06 /* Presenters */ = {
			isa = PBXGroup;
			children = (
				593A955629095EC100123E06 /* MainPresenter.swift */,
				59DD6A02290AAA1F00D34180 /* MainPresenterProtocol.swift */,
			);
			path = Presenters;
			sourceTree = "<group>";
		};
		593A954A29095DC600123E06 /* Views */ = {
			isa = PBXGroup;
			children = (
				59DD6A00290AA9A500D34180 /* MainViewProtocol.swift */,
				593A955429095E8C00123E06 /* MainViewController.swift */,
				593A95612909657700123E06 /* MainTableViewCell.swift */,
			);
			path = Views;
			sourceTree = "<group>";
		};
		593A954F29095E0700123E06 /* Navigation */ = {
			isa = PBXGroup;
			children = (
				593A955829095EE800123E06 /* AssemblyBuilder.swift */,
				593A955A29095F0700123E06 /* Router.swift */,
			);
			path = Navigation;
			sourceTree = "<group>";
		};
		593A955E2909610800123E06 /* Services */ = {
			isa = PBXGroup;
			children = (
				593A955F2909612F00123E06 /* NetworkMonitor.swift */,
				59DD69FA29096D6300D34180 /* NetworkService.swift */,
				59DD69FC2909721600D34180 /* NetworkErrors.swift */,
			);
			path = Services;
			sourceTree = "<group>";
		};
/* End PBXGroup section */

/* Begin PBXNativeTarget section */
		593A952929095B9200123E06 /* AvitoTechTestTask */ = {
			isa = PBXNativeTarget;
			buildConfigurationList = 593A953E29095B9400123E06 /* Build configuration list for PBXNativeTarget "AvitoTechTestTask" */;
			buildPhases = (
				593A952629095B9200123E06 /* Sources */,
				593A952729095B9200123E06 /* Frameworks */,
				593A952829095B9200123E06 /* Resources */,
			);
			buildRules = (
			);
			dependencies = (
			);
			name = AvitoTechTestTask;
			productName = AvitoTechTestTask;
			productReference = 593A952A29095B9200123E06 /* AvitoTechTestTask.app */;
			productType = "com.apple.product-type.application";
		};
/* End PBXNativeTarget section */

/* Begin PBXProject section */
		593A952229095B9200123E06 /* Project object */ = {
			isa = PBXProject;
			attributes = {
				BuildIndependentTargetsInParallel = 1;
				LastSwiftUpdateCheck = 1340;
				LastUpgradeCheck = 1340;
				TargetAttributes = {
					593A952929095B9200123E06 = {
						CreatedOnToolsVersion = 13.4.1;
					};
				};
			};
			buildConfigurationList = 593A952529095B9200123E06 /* Build configuration list for PBXProject "AvitoTechTestTask" */;
			compatibilityVersion = "Xcode 13.0";
			developmentRegion = en;
			hasScannedForEncodings = 0;
			knownRegions = (
				en,
				Base,
			);
			mainGroup = 593A952129095B9200123E06;
			productRefGroup = 593A952B29095B9200123E06 /* Products */;
			projectDirPath = "";
			projectRoot = "";
			targets = (
				593A952929095B9200123E06 /* AvitoTechTestTask */,
			);
		};
/* End PBXProject section */

/* Begin PBXResourcesBuildPhase section */
		593A952829095B9200123E06 /* Resources */ = {
			isa = PBXResourcesBuildPhase;
			buildActionMask = 2147483647;
			files = (
				593A953A29095B9400123E06 /* LaunchScreen.storyboard in Resources */,
				593A953729095B9400123E06 /* Assets.xcassets in Resources */,
			);
			runOnlyForDeploymentPostprocessing = 0;
		};
/* End PBXResourcesBuildPhase section */

/* Begin PBXSourcesBuildPhase section */
		593A952629095B9200123E06 /* Sources */ = {
			isa = PBXSourcesBuildPhase;
			buildActionMask = 2147483647;
			files = (
				59DD6A03290AAA1F00D34180 /* MainPresenterProtocol.swift in Sources */,
				59DD69FB29096D6300D34180 /* NetworkService.swift in Sources */,
				593A955529095E8C00123E06 /* MainViewController.swift in Sources */,
				593A95622909657700123E06 /* MainTableViewCell.swift in Sources */,
				59DD6A01290AA9A500D34180 /* MainViewProtocol.swift in Sources */,
				593A95602909612F00123E06 /* NetworkMonitor.swift in Sources */,
				593A955929095EE800123E06 /* AssemblyBuilder.swift in Sources */,
				593A952E29095B9200123E06 /* AppDelegate.swift in Sources */,
				593A953029095B9200123E06 /* SceneDelegate.swift in Sources */,
				593A955D29095FF400123E06 /* Employees.swift in Sources */,
				59DD69FD2909721600D34180 /* NetworkErrors.swift in Sources */,
				593A955B29095F0700123E06 /* Router.swift in Sources */,
				593A955729095EC100123E06 /* MainPresenter.swift in Sources */,
			);
			runOnlyForDeploymentPostprocessing = 0;
		};
/* End PBXSourcesBuildPhase section */

/* Begin PBXVariantGroup section */
		593A953829095B9400123E06 /* LaunchScreen.storyboard */ = {
			isa = PBXVariantGroup;
			children = (
				593A953929095B9400123E06 /* Base */,
			);
			name = LaunchScreen.storyboard;
			sourceTree = "<group>";
		};
/* End PBXVariantGroup section */

/* Begin XCBuildConfiguration section */
		593A953C29095B9400123E06 /* Debug */ = {
			isa = XCBuildConfiguration;
			buildSettings = {
				ALWAYS_SEARCH_USER_PATHS = NO;
				CLANG_ANALYZER_NONNULL = YES;
				CLANG_ANALYZER_NUMBER_OBJECT_CONVERSION = YES_AGGRESSIVE;
				CLANG_CXX_LANGUAGE_STANDARD = "gnu++17";
				CLANG_ENABLE_MODULES = YES;
				CLANG_ENABLE_OBJC_ARC = YES;
				CLANG_ENABLE_OBJC_WEAK = YES;
				CLANG_WARN_BLOCK_CAPTURE_AUTORELEASING = YES;
				CLANG_WARN_BOOL_CONVERSION = YES;
				CLANG_WARN_COMMA = YES;
				CLANG_WARN_CONSTANT_CONVERSION = YES;
				CLANG_WARN_DEPRECATED_OBJC_IMPLEMENTATIONS = YES;
				CLANG_WARN_DIRECT_OBJC_ISA_USAGE = YES_ERROR;
				CLANG_WARN_DOCUMENTATION_COMMENTS = YES;
				CLANG_WARN_EMPTY_BODY = YES;
				CLANG_WARN_ENUM_CONVERSION = YES;
				CLANG_WARN_INFINITE_RECURSION = YES;
				CLANG_WARN_INT_CONVERSION = YES;
				CLANG_WARN_NON_LITERAL_NULL_CONVERSION = YES;
				CLANG_WARN_OBJC_IMPLICIT_RETAIN_SELF = YES;
				CLANG_WARN_OBJC_LITERAL_CONVERSION = YES;
				CLANG_WARN_OBJC_ROOT_CLASS = YES_ERROR;
				CLANG_WARN_QUOTED_INCLUDE_IN_FRAMEWORK_HEADER = YES;
				CLANG_WARN_RANGE_LOOP_ANALYSIS = YES;
				CLANG_WARN_STRICT_PROTOTYPES = YES;
				CLANG_WARN_SUSPICIOUS_MOVE = YES;
				CLANG_WARN_UNGUARDED_AVAILABILITY = YES_AGGRESSIVE;
				CLANG_WARN_UNREACHABLE_CODE = YES;
				CLANG_WARN__DUPLICATE_METHOD_MATCH = YES;
				COPY_PHASE_STRIP = NO;
				DEBUG_INFORMATION_FORMAT = dwarf;
				ENABLE_STRICT_OBJC_MSGSEND = YES;
				ENABLE_TESTABILITY = YES;
				GCC_C_LANGUAGE_STANDARD = gnu11;
				GCC_DYNAMIC_NO_PIC = NO;
				GCC_NO_COMMON_BLOCKS = YES;
				GCC_OPTIMIZATION_LEVEL = 0;
				GCC_PREPROCESSOR_DEFINITIONS = (
					"DEBUG=1",
					"$(inherited)",
				);
				GCC_WARN_64_TO_32_BIT_CONVERSION = YES;
				GCC_WARN_ABOUT_RETURN_TYPE = YES_ERROR;
				GCC_WARN_UNDECLARED_SELECTOR = YES;
				GCC_WARN_UNINITIALIZED_AUTOS = YES_AGGRESSIVE;
				GCC_WARN_UNUSED_FUNCTION = YES;
				GCC_WARN_UNUSED_VARIABLE = YES;
				IPHONEOS_DEPLOYMENT_TARGET = 13.0;
				MTL_ENABLE_DEBUG_INFO = INCLUDE_SOURCE;
				MTL_FAST_MATH = YES;
				ONLY_ACTIVE_ARCH = YES;
				SDKROOT = iphoneos;
				SWIFT_ACTIVE_COMPILATION_CONDITIONS = DEBUG;
				SWIFT_OPTIMIZATION_LEVEL = "-Onone";
			};
			name = Debug;
		};
		593A953D29095B9400123E06 /* Release */ = {
			isa = XCBuildConfiguration;
			buildSettings = {
				ALWAYS_SEARCH_USER_PATHS = NO;
				CLANG_ANALYZER_NONNULL = YES;
				CLANG_ANALYZER_NUMBER_OBJECT_CONVERSION = YES_AGGRESSIVE;
				CLANG_CXX_LANGUAGE_STANDARD = "gnu++17";
				CLANG_ENABLE_MODULES = YES;
				CLANG_ENABLE_OBJC_ARC = YES;
				CLANG_ENABLE_OBJC_WEAK = YES;
				CLANG_WARN_BLOCK_CAPTURE_AUTORELEASING = YES;
				CLANG_WARN_BOOL_CONVERSION = YES;
				CLANG_WARN_COMMA = YES;
				CLANG_WARN_CONSTANT_CONVERSION = YES;
				CLANG_WARN_DEPRECATED_OBJC_IMPLEMENTATIONS = YES;
				CLANG_WARN_DIRECT_OBJC_ISA_USAGE = YES_ERROR;
				CLANG_WARN_DOCUMENTATION_COMMENTS = YES;
				CLANG_WARN_EMPTY_BODY = YES;
				CLANG_WARN_ENUM_CONVERSION = YES;
				CLANG_WARN_INFINITE_RECURSION = YES;
				CLANG_WARN_INT_CONVERSION = YES;
				CLANG_WARN_NON_LITERAL_NULL_CONVERSION = YES;
				CLANG_WARN_OBJC_IMPLICIT_RETAIN_SELF = YES;
				CLANG_WARN_OBJC_LITERAL_CONVERSION = YES;
				CLANG_WARN_OBJC_ROOT_CLASS = YES_ERROR;
				CLANG_WARN_QUOTED_INCLUDE_IN_FRAMEWORK_HEADER = YES;
				CLANG_WARN_RANGE_LOOP_ANALYSIS = YES;
				CLANG_WARN_STRICT_PROTOTYPES = YES;
				CLANG_WARN_SUSPICIOUS_MOVE = YES;
				CLANG_WARN_UNGUARDED_AVAILABILITY = YES_AGGRESSIVE;
				CLANG_WARN_UNREACHABLE_CODE = YES;
				CLANG_WARN__DUPLICATE_METHOD_MATCH = YES;
				COPY_PHASE_STRIP = NO;
				DEBUG_INFORMATION_FORMAT = "dwarf-with-dsym";
				ENABLE_NS_ASSERTIONS = NO;
				ENABLE_STRICT_OBJC_MSGSEND = YES;
				GCC_C_LANGUAGE_STANDARD = gnu11;
				GCC_NO_COMMON_BLOCKS = YES;
				GCC_WARN_64_TO_32_BIT_CONVERSION = YES;
				GCC_WARN_ABOUT_RETURN_TYPE = YES_ERROR;
				GCC_WARN_UNDECLARED_SELECTOR = YES;
				GCC_WARN_UNINITIALIZED_AUTOS = YES_AGGRESSIVE;
				GCC_WARN_UNUSED_FUNCTION = YES;
				GCC_WARN_UNUSED_VARIABLE = YES;
				IPHONEOS_DEPLOYMENT_TARGET = 13.0;
				MTL_ENABLE_DEBUG_INFO = NO;
				MTL_FAST_MATH = YES;
				SDKROOT = iphoneos;
				SWIFT_COMPILATION_MODE = wholemodule;
				SWIFT_OPTIMIZATION_LEVEL = "-O";
				VALIDATE_PRODUCT = YES;
			};
			name = Release;
		};
		593A953F29095B9400123E06 /* Debug */ = {
			isa = XCBuildConfiguration;
			buildSettings = {
				ASSETCATALOG_COMPILER_APPICON_NAME = AppIcon;
				ASSETCATALOG_COMPILER_GLOBAL_ACCENT_COLOR_NAME = AccentColor;
				CODE_SIGN_STYLE = Automatic;
				CURRENT_PROJECT_VERSION = 1;
				DEVELOPMENT_TEAM = 7DF45VLQ6Z;
				GENERATE_INFOPLIST_FILE = YES;
				INFOPLIST_FILE = AvitoTechTestTask/Resources/Info.plist;
				INFOPLIST_KEY_UIApplicationSupportsIndirectInputEvents = YES;
				INFOPLIST_KEY_UILaunchStoryboardName = LaunchScreen;
				INFOPLIST_KEY_UISupportedInterfaceOrientations_iPad = "UIInterfaceOrientationPortrait UIInterfaceOrientationPortraitUpsideDown UIInterfaceOrientationLandscapeLeft UIInterfaceOrientationLandscapeRight";
				INFOPLIST_KEY_UISupportedInterfaceOrientations_iPhone = "UIInterfaceOrientationPortrait UIInterfaceOrientationLandscapeLeft UIInterfaceOrientationLandscapeRight";
				IPHONEOS_DEPLOYMENT_TARGET = 13.0;
				LD_RUNPATH_SEARCH_PATHS = (
					"$(inherited)",
					"@executable_path/Frameworks",
				);
				MARKETING_VERSION = 1.0;
				PRODUCT_BUNDLE_IDENTIFIER = denmagg.AvitoTechTestTask;
				PRODUCT_NAME = "$(TARGET_NAME)";
				SWIFT_EMIT_LOC_STRINGS = YES;
				SWIFT_VERSION = 5.0;
				TARGETED_DEVICE_FAMILY = "1,2";
			};
			name = Debug;
		};
		593A954029095B9400123E06 /* Release */ = {
			isa = XCBuildConfiguration;
			buildSettings = {
				ASSETCATALOG_COMPILER_APPICON_NAME = AppIcon;
				ASSETCATALOG_COMPILER_GLOBAL_ACCENT_COLOR_NAME = AccentColor;
				CODE_SIGN_STYLE = Automatic;
				CURRENT_PROJECT_VERSION = 1;
				DEVELOPMENT_TEAM = 7DF45VLQ6Z;
				GENERATE_INFOPLIST_FILE = YES;
				INFOPLIST_FILE = AvitoTechTestTask/Resources/Info.plist;
				INFOPLIST_KEY_UIApplicationSupportsIndirectInputEvents = YES;
				INFOPLIST_KEY_UILaunchStoryboardName = LaunchScreen;
				INFOPLIST_KEY_UISupportedInterfaceOrientations_iPad = "UIInterfaceOrientationPortrait UIInterfaceOrientationPortraitUpsideDown UIInterfaceOrientationLandscapeLeft UIInterfaceOrientationLandscapeRight";
				INFOPLIST_KEY_UISupportedInterfaceOrientations_iPhone = "UIInterfaceOrientationPortrait UIInterfaceOrientationLandscapeLeft UIInterfaceOrientationLandscapeRight";
				IPHONEOS_DEPLOYMENT_TARGET = 13.0;
				LD_RUNPATH_SEARCH_PATHS = (
					"$(inherited)",
					"@executable_path/Frameworks",
				);
				MARKETING_VERSION = 1.0;
				PRODUCT_BUNDLE_IDENTIFIER = denmagg.AvitoTechTestTask;
				PRODUCT_NAME = "$(TARGET_NAME)";
				SWIFT_EMIT_LOC_STRINGS = YES;
				SWIFT_VERSION = 5.0;
				TARGETED_DEVICE_FAMILY = "1,2";
			};
			name = Release;
		};
/* End XCBuildConfiguration section */

/* Begin XCConfigurationList section */
		593A952529095B9200123E06 /* Build configuration list for PBXProject "AvitoTechTestTask" */ = {
			isa = XCConfigurationList;
			buildConfigurations = (
				593A953C29095B9400123E06 /* Debug */,
				593A953D29095B9400123E06 /* Release */,
			);
			defaultConfigurationIsVisible = 0;
			defaultConfigurationName = Release;
		};
		593A953E29095B9400123E06 /* Build configuration list for PBXNativeTarget "AvitoTechTestTask" */ = {
			isa = XCConfigurationList;
			buildConfigurations = (
				593A953F29095B9400123E06 /* Debug */,
				593A954029095B9400123E06 /* Release */,
			);
			defaultConfigurationIsVisible = 0;
			defaultConfigurationName = Release;
		};
/* End XCConfigurationList section */
	};
	rootObject = 593A952229095B9200123E06 /* Project object */;
}
